PODS:
  - AFNetworking (3.1.0):
    - AFNetworking/NSURLSession (= 3.1.0)
    - AFNetworking/Reachability (= 3.1.0)
    - AFNetworking/Security (= 3.1.0)
    - AFNetworking/Serialization (= 3.1.0)
    - AFNetworking/UIKit (= 3.1.0)
  - AFNetworking/NSURLSession (3.1.0):
    - AFNetworking/Reachability
    - AFNetworking/Security
    - AFNetworking/Serialization
  - AFNetworking/Reachability (3.1.0)
  - AFNetworking/Security (3.1.0)
  - AFNetworking/Serialization (3.1.0)
  - AFNetworking/UIKit (3.1.0):
    - AFNetworking/NSURLSession
  - Crashlytics (3.7.2):
    - Fabric (~> 1.6.3)
  - Fabric (1.6.7)
  - Filestack (0.3.2):
    - AFNetworking (~> 3.0)
  - FSPicker (1.0.4):
    - Filestack
  - Nuke (5.1)
  - XLActionController (3.0.1):
    - XLActionController/Core (= 3.0.1)
  - XLActionController/Core (3.0.1)

DEPENDENCIES:
  - Crashlytics
  - Fabric
  - Filestack
  - FSPicker
  - Nuke (from `https://github.com/kean/Nuke.git`)
  - XLActionController (from `https://github.com/xmartlabs/XLActionController.git`)

EXTERNAL SOURCES:
  Nuke:
    :git: https://github.com/kean/Nuke.git
  XLActionController:
    :git: https://github.com/xmartlabs/XLActionController.git

CHECKOUT OPTIONS:
  Nuke:
    :commit: a83d741e8f6c9d11334432f9a644aff0f1705f5a
    :git: https://github.com/kean/Nuke.git
  XLActionController:
    :commit: 5ce0786dc3c0be66c047a88d5931e97e96d5e3da
    :git: https://github.com/xmartlabs/XLActionController.git

SPEC CHECKSUMS:
  AFNetworking: 5e0e199f73d8626b11e79750991f5d173d1f8b67
  Crashlytics: 130ab943f8c78cda7a814b434f270b2e2c8a3cba
  Fabric: caf7580c725e64db144f610ac65cd60956911dc7
  Filestack: 5a50fc401ae20533bf79d95dbe7863f05415cfed
  FSPicker: 90241a011bad55b9c20b0a113354ef52ad85580e
  Nuke: d4ef240ac9102c9d1de3e613cb4f58f9547796c9
  XLActionController: 57fe0ce1642e2eed971b188b490762345fdbf963

PODFILE CHECKSUM: 9bedc0c764db0f8e67a531069fef5163a56fa897

COCOAPODS: 1.2.0
